PODS:
  - ActionSheetPicker-3.0 (2.2.0)
  - Alamofire (4.7.3)
  - Anchorage (4.3)
  - BadgeSwift (5.0.1)
  - BiometricAuthentication (2.1)
  - DTCoreText (1.6.21):
    - DTCoreText/Core (= 1.6.21)
    - DTFoundation/Core (~> 1.7.5)
    - DTFoundation/DTAnimatedGIF (~> 1.7.5)
    - DTFoundation/DTHTMLParser (~> 1.7.5)
    - DTFoundation/UIKit (~> 1.7.5)
  - DTCoreText/Core (1.6.21):
    - DTFoundation/Core (~> 1.7.5)
    - DTFoundation/DTAnimatedGIF (~> 1.7.5)
    - DTFoundation/DTHTMLParser (~> 1.7.5)
    - DTFoundation/UIKit (~> 1.7.5)
  - DTFoundation/Core (1.7.13)
  - DTFoundation/DTAnimatedGIF (1.7.13)
  - DTFoundation/DTHTMLParser (1.7.13):
    - DTFoundation/Core
  - DTFoundation/UIKit (1.7.13):
    - DTFoundation/Core
  - Embassy (4.0.8)
  - LicensesViewController (0.6.6)
  - MaterialComponents/ActivityIndicator (68.1.0):
    - MaterialComponents/Palettes
    - MaterialComponents/private/Application
    - MDFInternationalization
    - MotionAnimator (~> 2.0)
  - MaterialComponents/AnimationTiming (68.1.0)
  - MaterialComponents/Ink (68.1.0):
    - MaterialComponents/private/Math
  - MaterialComponents/Palettes (68.1.0)
  - MaterialComponents/private/Application (68.1.0)
  - MaterialComponents/private/Math (68.1.0)
  - MaterialComponents/ProgressView (68.1.0):
    - MaterialComponents/Palettes
    - MaterialComponents/private/Math
    - MDFInternationalization
    - MotionAnimator (~> 2.1)
  - MaterialComponents/ShadowElevations (68.1.0)
  - MaterialComponents/ShadowLayer (68.1.0):
    - MaterialComponents/ShadowElevations
  - MaterialComponents/Tabs (68.1.0):
    - MaterialComponents/AnimationTiming
    - MaterialComponents/Ink
    - MaterialComponents/private/Math
    - MaterialComponents/ShadowElevations
    - MaterialComponents/ShadowLayer
    - MaterialComponents/Typography
    - MDFInternationalization
  - MaterialComponents/Typography (68.1.0):
    - MaterialComponents/private/Application
    - MaterialComponents/private/Math
  - MDFInternationalization (1.1.0)
  - MKColorPicker (1.2)
  - MotionAnimator (2.8.1):
    - MotionInterchange (~> 1.6)
  - MotionInterchange (1.6.0)
  - MTColorDistance (0.0.3)
  - Realm (3.11.1):
    - Realm/Headers (= 3.11.1)
  - Realm/Headers (3.11.1)
  - RealmSwift (3.11.1):
    - Realm (= 3.11.1)
  - reddift (2.0.0):
    - reddift/MiniKeychain (= 2.0.0)
  - reddift/MiniKeychain (2.0.0)
  - RLBAlertsPickers (1.0)
  - SDWebImage (4.1.2):
    - SDWebImage/Core (= 4.1.2)
  - SDWebImage/Core (4.1.2)
  - SloppySwiper (0.6)
  - Starscream (3.0.6)
  - SubtleVolume (1.0.2)
  - SwiftLint (0.27.0)
  - SwiftSpreadsheet (1.2.0)
  - SwiftyJSON (4.2.0)
  - Then (2.4.0)
  - TTTAttributedLabel (2.0.0)
  - XLActionController (4.0.1):
    - XLActionController/Core (= 4.0.1)
  - XLActionController/Core (4.0.1)

DEPENDENCIES:
  - ActionSheetPicker-3.0 (from `https://github.com/ccrama/ActionSheetPicker-3.0`)
  - Alamofire (~> 4.3)
  - Anchorage
  - BadgeSwift (~> 5.0)
  - BiometricAuthentication
  - DTCoreText (from `https://github.com/Cocoanetics/DTCoreText`)
  - Embassy (~> 4.0)
  - LicensesViewController (~> 0.6.5)
  - MaterialComponents/ActivityIndicator
  - MaterialComponents/ProgressView
  - MaterialComponents/Tabs
  - MKColorPicker
  - MTColorDistance
  - RealmSwift
  - reddift (from `https://github.com/ccrama/reddift`)
  - RLBAlertsPickers (from `https://github.com/ccrama/Alerts-Pickers`)
  - SDWebImage (~> 4.1.2)
  - SloppySwiper (from `https://github.com/fastred/sloppySwiper`)
  - Starscream (~> 3.0.2)
  - SubtleVolume
  - SwiftLint
  - SwiftSpreadsheet
  - SwiftyJSON
  - Then
  - TTTAttributedLabel
  - XLActionController (from `https://github.com/ccrama/XLActionController`)

EXTERNAL SOURCES:
  ActionSheetPicker-3.0:
    :git: https://github.com/ccrama/ActionSheetPicker-3.0
  DTCoreText:
    :git: https://github.com/Cocoanetics/DTCoreText
  reddift:
    :git: https://github.com/ccrama/reddift
  RLBAlertsPickers:
    :git: https://github.com/ccrama/Alerts-Pickers
  SloppySwiper:
    :git: https://github.com/fastred/sloppySwiper
  XLActionController:
    :git: https://github.com/ccrama/XLActionController

CHECKOUT OPTIONS:
  ActionSheetPicker-3.0:
    :commit: 752459578d8162c11f6311987bd3463e6d85712b
    :git: https://github.com/ccrama/ActionSheetPicker-3.0
  DTCoreText:
    :commit: c171d6f7fd7c96585a138742baa35116c4d1884c
    :git: https://github.com/Cocoanetics/DTCoreText
  reddift:
    :commit: 1b0730e3e735791566ea7349065b56df49128d21
    :git: https://github.com/ccrama/reddift
  RLBAlertsPickers:
    :commit: 583f111c780546a42320c406f1fcf21f9f2caf30
    :git: https://github.com/ccrama/Alerts-Pickers
  SloppySwiper:
    :commit: 90e1566555734d08a4c72619595f5a2157c104b3
    :git: https://github.com/fastred/sloppySwiper
  XLActionController:
    :commit: d3361823f2359da959a752d36965aaeb3a3fd475
    :git: https://github.com/ccrama/XLActionController

SPEC CHECKSUMS:
  ActionSheetPicker-3.0: d11a4c12c6aaf704b8a3f56d179198c99f3e41e6
  Alamofire: c7287b6e5d7da964a70935e5db17046b7fde6568
  Anchorage: 21a98675245188427f0bcea21404d42a824a766f
  BadgeSwift: 3defa56f504bfb46f2300122c4a565ec9e405c1e
  BiometricAuthentication: 6928c01583bc707f92c11349f190d5ae052217d3
  DTCoreText: c07f9d7109a1dd637d7190032261b7c8aff23c92
  DTFoundation: f03be9fd786f11e505bb8fc44e2a3732bf0917df
  Embassy: fe6a3f8dd2d705881c172dcb144fb97b9408f4cd
  LicensesViewController: 8ab8cbf1e169577343b20ee804e357f0d08dfad0
  MaterialComponents: 9090ac82784a9c031ff62a44d3d9880143029d63
  MDFInternationalization: b5b8626628abf026e630e5ebaeee563037712cbb
  MKColorPicker: 8998b2ab977e4f240fdf254db27a18b810da3cfc
  MotionAnimator: ee16aa30567c5bae0fb2750c132915829cfaaf8a
  MotionInterchange: ead0e3ae1f3a5fb539e289debbc7ae036160a10d
  MTColorDistance: 5ab8708eb88bc22d4d88e309d09eb912f3a6e27b
  Realm: 037c5919b9ceb59d6beed5d3b031096856b119b3
  RealmSwift: c9580133e73ef40ed340401af2dbc9a5790dfea7
  reddift: 3066e687c2a934b0f9aca6ee6e2161abc4c93a56
  RLBAlertsPickers: 60b4bd5afcd92065774ed1b21d836bc89cc79d98
  SDWebImage: cb6f9f266a9977741efcbc21e618e8be3734c774
  SloppySwiper: 37e38f6da8df5c805914c6f32ec6ec8da63abe7c
  Starscream: ef3ece99d765eeccb67de105bfa143f929026cf5
  SubtleVolume: 88618f8304a0e605d1adca14b95376dcbf9e03ce
  SwiftLint: 3207c1faa2240bf8973b191820a116113cd11073
  SwiftSpreadsheet: fa241abcd0c2e0bdfa641494413c3613d67efbca
  SwiftyJSON: c4bcba26dd9ec7a027fc8eade48e2c911f229e96
  Then: 71866660c7af35a7343831f7668e7cd2b62ee0f2
  TTTAttributedLabel: 8cffe8e127e4e82ff3af1e5386d4cd0ad000b656
  XLActionController: 007868251c0eed70d649d06c1625259b73b3a600

PODFILE CHECKSUM: 5bbd2b0b1d83f438b5954675d442f16de7abc270

COCOAPODS: 1.4.0
