PODS:
  - ActionSheetPicker-3.0 (2.2.0)
  - Alamofire (4.7.2)
  - BiometricAuthentication (1.0.5)
  - LicensesViewController (0.6.5)
  - MaterialComponents/ActivityIndicator (55.1.0):
    - MaterialComponents/Palettes
    - MaterialComponents/private/Application
    - MDFInternationalization
    - MotionAnimator (~> 2.0)
  - MaterialComponents/AnimationTiming (55.1.0)
  - MaterialComponents/BottomSheet (55.1.0):
    - MaterialComponents/private/KeyboardWatcher
    - MaterialComponents/private/Math
  - MaterialComponents/Buttons (55.1.0):
    - MaterialComponents/Ink
    - MaterialComponents/private/Math
    - MaterialComponents/private/Shapes
    - MaterialComponents/ShadowElevations
    - MaterialComponents/ShadowLayer
    - MaterialComponents/Typography
    - MDFInternationalization
    - MDFTextAccessibility
  - MaterialComponents/Dialogs (55.1.0):
    - MaterialComponents/Buttons
    - MaterialComponents/private/KeyboardWatcher
    - MaterialComponents/ShadowElevations
    - MaterialComponents/ShadowLayer
    - MaterialComponents/Typography
    - MDFInternationalization
  - MaterialComponents/Ink (55.1.0):
    - MaterialComponents/private/Math
  - MaterialComponents/OverlayWindow (55.1.0):
    - MaterialComponents/private/Application
  - MaterialComponents/Palettes (55.1.0)
  - MaterialComponents/private/Application (55.1.0)
  - MaterialComponents/private/KeyboardWatcher (55.1.0):
    - MaterialComponents/private/Application
  - MaterialComponents/private/Math (55.1.0)
  - MaterialComponents/private/Overlay (55.1.0)
  - MaterialComponents/private/Shapes (55.1.0):
    - MaterialComponents/private/Math
    - MaterialComponents/ShadowLayer
  - MaterialComponents/ProgressView (55.1.0):
    - MaterialComponents/Palettes
    - MaterialComponents/private/Math
    - MDFInternationalization
    - MotionAnimator (~> 2.1)
  - MaterialComponents/ShadowElevations (55.1.0)
  - MaterialComponents/ShadowLayer (55.1.0):
    - MaterialComponents/ShadowElevations
  - MaterialComponents/Snackbar (55.1.0):
    - MaterialComponents/AnimationTiming
    - MaterialComponents/Buttons
    - MaterialComponents/OverlayWindow
    - MaterialComponents/private/Application
    - MaterialComponents/private/KeyboardWatcher
    - MaterialComponents/private/Overlay
    - MaterialComponents/Typography
  - MaterialComponents/Tabs (55.1.0):
    - MaterialComponents/AnimationTiming
    - MaterialComponents/Ink
    - MaterialComponents/private/Math
    - MaterialComponents/ShadowElevations
    - MaterialComponents/ShadowLayer
    - MaterialComponents/Typography
    - MDFInternationalization
  - MaterialComponents/TextFields (55.1.0):
    - MaterialComponents/AnimationTiming
    - MaterialComponents/Palettes
    - MaterialComponents/private/Math
    - MaterialComponents/Typography
    - MDFInternationalization
  - MaterialComponents/Typography (55.1.0):
    - MaterialComponents/private/Application
  - MDFInternationalization (1.0.4)
  - MDFTextAccessibility (1.2.0)
  - MKColorPicker (1.2)
  - MotionAnimator (2.8.1):
    - MotionInterchange (~> 1.6)
  - MotionInterchange (1.6.0)
  - Realm (3.5.0):
    - Realm/Headers (= 3.5.0)
  - Realm/Headers (3.5.0)
  - RealmSwift (3.5.0):
    - Realm (= 3.5.0)
  - reddift (2.0.0):
    - reddift/MiniKeychain (= 2.0.0)
  - reddift/MiniKeychain (2.0.0)
  - SDWebImage (3.8.2):
    - SDWebImage/Core (= 3.8.2)
  - SDWebImage/Core (3.8.2)
  - SideMenu (3.1.5)
  - SloppySwiper (0.6)
  - SwiftyJSON (4.1.0)
  - TTTAttributedLabel (2.0.0)
  - UZTextView (1.0.8)
  - XLActionController (4.0.1):
    - XLActionController/Core (= 4.0.1)
  - XLActionController/Core (4.0.1)
  - YangMingShan (2.0.1):
    - YangMingShan/YMSPhotoPicker (= 2.0.1)
  - YangMingShan/YMSPhotoPicker (2.0.1)

DEPENDENCIES:
  - ActionSheetPicker-3.0 (from `https://github.com/ccrama/ActionSheetPicker-3.0`)
  - Alamofire (~> 4.3)
  - BiometricAuthentication
  - LicensesViewController (~> 0.6.5)
  - MaterialComponents/ActivityIndicator
  - MaterialComponents/AnimationTiming
  - MaterialComponents/BottomSheet
  - MaterialComponents/Buttons
  - MaterialComponents/Dialogs
  - MaterialComponents/Ink
  - MaterialComponents/Palettes
  - MaterialComponents/ProgressView
  - MaterialComponents/ShadowElevations
  - MaterialComponents/Snackbar
  - MaterialComponents/Tabs
  - MaterialComponents/TextFields
  - MKColorPicker
  - RealmSwift
  - reddift (from `https://github.com/ccrama/reddift`)
  - SDWebImage (~> 3.8)
  - SideMenu
  - SloppySwiper (from `https://github.com/fastred/SloppySwiper`)
  - SwiftyJSON
  - TTTAttributedLabel
  - UZTextView (from `https://github.com/ccrama/UZTextView`)
  - XLActionController
  - YangMingShan

EXTERNAL SOURCES:
  ActionSheetPicker-3.0:
    :git: https://github.com/ccrama/ActionSheetPicker-3.0
  reddift:
    :git: https://github.com/ccrama/reddift
  SloppySwiper:
    :git: https://github.com/fastred/SloppySwiper
  UZTextView:
    :git: https://github.com/ccrama/UZTextView

CHECKOUT OPTIONS:
  ActionSheetPicker-3.0:
    :commit: 752459578d8162c11f6311987bd3463e6d85712b
    :git: https://github.com/ccrama/ActionSheetPicker-3.0
  reddift:
    :commit: 1588db91baca259798cb7713435b8f5f7b30454f
    :git: https://github.com/ccrama/reddift
  SloppySwiper:
    :commit: 90e1566555734d08a4c72619595f5a2157c104b3
    :git: https://github.com/fastred/SloppySwiper
  UZTextView:
    :commit: 15b553d05544ddc429b76f23b413fc9be256901d
    :git: https://github.com/ccrama/UZTextView

SPEC CHECKSUMS:
  ActionSheetPicker-3.0: d11a4c12c6aaf704b8a3f56d179198c99f3e41e6
  Alamofire: e4fa87002c137ba2d8d634d2c51fabcda0d5c223
  BiometricAuthentication: e80e99bf1fe871ab624172eb91f1ddbbc47499b5
  LicensesViewController: 1f2982b1bab8402d3f88e23197957038e8abb907
  MaterialComponents: f4cd3085a673837e7ba4c6cf40d9da2f64566af1
  MDFInternationalization: e355b0cebecf53d60233bd267084e49366c82513
  MDFTextAccessibility: 94098925e0853551c5a311ce7c1ecefbe297cdb6
  MKColorPicker: 8998b2ab977e4f240fdf254db27a18b810da3cfc
  MotionAnimator: ee16aa30567c5bae0fb2750c132915829cfaaf8a
  MotionInterchange: ead0e3ae1f3a5fb539e289debbc7ae036160a10d
  Realm: 0378021c424e4e2bd6a0e63b27881e929d9b9ad1
  RealmSwift: 3322562622fda2ad596985ead4d8d8be30cf838c
  reddift: 3066e687c2a934b0f9aca6ee6e2161abc4c93a56
  SDWebImage: 098e97e6176540799c27e804c96653ee0833d13c
  SideMenu: 47dbf9e4d878062d8994aed43f6e4bf6c1fea30b
  SloppySwiper: 37e38f6da8df5c805914c6f32ec6ec8da63abe7c
  SwiftyJSON: c29297daf073d2aa016295d5809cdd68045c39b3
  TTTAttributedLabel: 8cffe8e127e4e82ff3af1e5386d4cd0ad000b656
  UZTextView: d8d45a8459b0de6f2c393458a05c65352f89e00a
  XLActionController: 007868251c0eed70d649d06c1625259b73b3a600
  YangMingShan: 561cfbb769e8cf679d3f23d8ae7030402ddb6495

PODFILE CHECKSUM: 2a551e05d57e30902ae3fbeed79c620503cbb8c2

COCOAPODS: 1.4.0
