<?xml version="1.0" encoding="UTF-8"?>
<Scheme
   LastUpgradeVersion = "1120"
   version = "1.7">
   <BuildAction
      parallelizeBuildables = "YES"
      buildImplicitDependencies = "YES">
      <BuildActionEntries>
         <BuildActionEntry
            buildForTesting = "YES"
            buildForRunning = "YES"
            buildForProfiling = "YES"
            buildForArchiving = "YES"
            buildForAnalyzing = "YES">
            <BuildableReference
               BuildableIdentifier = "primary"
               BlueprintIdentifier = "BE8FCA031E0C46090063B8EF"
               BuildableName = "Slide for Reddit.app"
               BlueprintName = "Slide for Reddit"
               ReferencedContainer = "container:Slide for Reddit.xcodeproj">
            </BuildableReference>
         </BuildActionEntry>
      </BuildActionEntries>
   </BuildAction>
   <TestAction
      buildConfiguration = "Debug"
      selectedDebuggerIdentifier = "Xcode.DebuggerFoundation.Debugger.LLDB"
      selectedLauncherIdentifier = "Xcode.DebuggerFoundation.Launcher.LLDB"
      shouldUseLaunchSchemeArgsEnv = "YES">
      <PostActions>
         <ExecutionAction
            ActionType = "Xcode.IDEStandardExecutionActionsCore.ExecutionActionType.ShellScriptAction">
            <ActionContent
               title = "Run Script"
               scriptText = "xcrun simctl status_bar booted override \&#10;--time &quot;10:05 PM&quot; \&#10;--dataNetwork wifi \&#10;--wifiMode active \&#10;--wifiBars 3 \&#10;--cellularMode notSupported \&#10;--batteryState discharging \&#10;--batteryLevel 100&#10;">
            </ActionContent>
         </ExecutionAction>
      </PostActions>
      <MacroExpansion>
         <BuildableReference
            BuildableIdentifier = "primary"
            BlueprintIdentifier = "BE8FCA031E0C46090063B8EF"
            BuildableName = "Slide for Reddit.app"
            BlueprintName = "Slide for Reddit"
            ReferencedContainer = "container:Slide for Reddit.xcodeproj">
         </BuildableReference>
      </MacroExpansion>
      <Testables>
         <TestableReference
            skipped = "NO">
            <BuildableReference
               BuildableIdentifier = "primary"
               BlueprintIdentifier = "BE8FCA171E0C46090063B8EF"
               BuildableName = "Slide for RedditTests.xctest"
               BlueprintName = "Slide for RedditTests"
               ReferencedContainer = "container:Slide for Reddit.xcodeproj">
            </BuildableReference>
         </TestableReference>
         <TestableReference
            skipped = "NO">
            <BuildableReference
               BuildableIdentifier = "primary"
               BlueprintIdentifier = "BE8FCA221E0C46090063B8EF"
               BuildableName = "Slide for RedditUITests.xctest"
               BlueprintName = "Slide for RedditUITests"
               ReferencedContainer = "container:Slide for Reddit.xcodeproj">
            </BuildableReference>
         </TestableReference>
         <TestableReference
            skipped = "NO">
            <BuildableReference
               BuildableIdentifier = "primary"
               BlueprintIdentifier = "BE99C9F32378AC91007911E2"
               BuildableName = "Slide Screenshot Automation.xctest"
               BlueprintName = "Slide Screenshot Automation"
               ReferencedContainer = "container:Slide for Reddit.xcodeproj">
            </BuildableReference>
         </TestableReference>
      </Testables>
   </TestAction>
   <LaunchAction
      buildConfiguration = "Debug"
      selectedDebuggerIdentifier = "Xcode.DebuggerFoundation.Debugger.LLDB"
      selectedLauncherIdentifier = "Xcode.DebuggerFoundation.Launcher.LLDB"
      launchStyle = "0"
      useCustomWorkingDirectory = "NO"
      ignoresPersistentStateOnLaunch = "NO"
      debugDocumentVersioning = "YES"
      debugServiceExtension = "internal"
      allowLocationSimulation = "YES">
      <PostActions>
         <ExecutionAction
            ActionType = "Xcode.IDEStandardExecutionActionsCore.ExecutionActionType.ShellScriptAction">
            <ActionContent
               title = "Run Script"
               scriptText = "xcrun simctl status_bar booted override \&#10;    --time &quot;10:05 PM&quot; \&#10;    --dataNetwork wifi \&#10;    --wifiMode active \&#10;    --wifiBars 3 \&#10;    --cellularMode notSupported \&#10;    --batteryState discharging \&#10;    --batteryLevel 100&#10;&#10;">
               <EnvironmentBuildable>
                  <BuildableReference
                     BuildableIdentifier = "primary"
                     BlueprintIdentifier = "BE8FCA031E0C46090063B8EF"
                     BuildableName = "Slide for Reddit.app"
                     BlueprintName = "Slide for Reddit"
                     ReferencedContainer = "container:Slide for Reddit.xcodeproj">
                  </BuildableReference>
               </EnvironmentBuildable>
            </ActionContent>
         </ExecutionAction>
      </PostActions>
      <BuildableProductRunnable
         runnableDebuggingMode = "0">
         <BuildableReference
            BuildableIdentifier = "primary"
            BlueprintIdentifier = "BE8FCA031E0C46090063B8EF"
            BuildableName = "Slide for Reddit.app"
            BlueprintName = "Slide for Reddit"
            ReferencedContainer = "container:Slide for Reddit.xcodeproj">
         </BuildableReference>
      </BuildableProductRunnable>
   </LaunchAction>
   <ProfileAction
      buildConfiguration = "Release"
      shouldUseLaunchSchemeArgsEnv = "YES"
      savedToolIdentifier = ""
      useCustomWorkingDirectory = "NO"
      debugDocumentVersioning = "YES">
      <BuildableProductRunnable
         runnableDebuggingMode = "0">
         <BuildableReference
            BuildableIdentifier = "primary"
            BlueprintIdentifier = "BE8FCA031E0C46090063B8EF"
            BuildableName = "Slide for Reddit.app"
            BlueprintName = "Slide for Reddit"
            ReferencedContainer = "container:Slide for Reddit.xcodeproj">
         </BuildableReference>
      </BuildableProductRunnable>
   </ProfileAction>
   <AnalyzeAction
      buildConfiguration = "Debug">
   </AnalyzeAction>
   <ArchiveAction
      buildConfiguration = "Release"
      revealArchiveInOrganizer = "YES">
   </ArchiveAction>
</Scheme>
